apiVersion: vendir.k14s.io/v1alpha1
directories:
- contents:
  - git:
      commitTitle: Update install manifest to v0.4.0.
      sha: eacb75b4d562e3fb158eb2147a6768407ab374d4
    path: github.com/GoogleCloudPlatform/metacontroller
  - git:
      commitTitle: Update routecontroller image digest to sha256:a51cb69313f98c658b9f45f97cebd1dbc2d70e84aafde602e5d370c928502bce
      sha: 2b9909b3b8ebcb419f9d07299ce7f5e11074e59a
    path: github.com/cloudfoundry/cf-k8s-networking
  - git:
      commitTitle: add retry policy for ccdb-migration job...
      sha: a01701bac6c76957df1617ac1ec4f98697f1f111
    path: github.com/cloudfoundry/capi-k8s-release
  - githubRelease:
      url: https://api.github.com/repos/cloudfoundry/cf-k8s-logging/releases/24864777
    path: github.com/cloudfoundry/cf-k8s-logging/config
  - git:
      commitTitle: Fix image sha...
      sha: 614dbcd1a80512fb707f936067d8c498e3471682
    path: github.com/cloudfoundry/metric-proxy
  - git:
      commitTitle: 'Merge pull request #1262 from cloudfoundry/dependabot/go_modules/k8s/k8s.io/api-0.18.1'
      sha: 211c15994f39fde797a66c2dfd7e15dcad65924c
    path: github.com/cloudfoundry/uaa
  - githubRelease:
      url: https://api.github.com/repos/pivotal/kpack/releases/25016868
    path: github.com/pivotal/kpack
  - manual: {}
    path: eirini
  - manual: {}
    path: minio
  - manual: {}
    path: postgres
  path: config/_ytt_lib
- contents:
  - git:
      commitTitle: '[stable/minio]: add serviceAccountName in create-bucket-job to
        make it consistent (#21907)...'
      sha: f8d1e522df1e4841e7a4a1a46d59bce9a9bad904
    path: .
  path: build/minio/_vendir
- contents:
  - githubRelease:
      url: https://api.github.com/repos/cloudfoundry-incubator/eirini-release/releases/24924434
    path: .
  path: build/eirini/_vendir
- contents:
  - git:
      commitTitle: '[bitnami/postgresql] Add option to add annotations to all generated
        resources (#2368)...'
      sha: 1765929fa8cf37819309ff975ebf0a8dfcf7824d
    path: .
  path: build/postgres/_vendir
kind: LockConfig
