apiVersion: vendir.k14s.io/v1alpha1
directories:
- contents:
  - git:
      commitTitle: Update routecontroller image digest to sha256:ed4b3e351a31313ebf974439e4fb43210281a02f0a9125cb8ea880c572385b5f
      sha: 4153bbdbaf3e8d3d681a84a112f3c9cc10129ff3
    path: github.com/cloudfoundry/cf-k8s-networking
  - git:
      commitTitle: images.yml updated by CI...
      sha: 2b8c6b0a9aca6206937e86685edc57afe906848c
    path: github.com/cloudfoundry/capi-k8s-release
  - githubRelease:
      url: https://api.github.com/repos/cloudfoundry/cf-k8s-logging/releases/26725288
    path: github.com/cloudfoundry/cf-k8s-logging/config
  - git:
      commitTitle: Fix annotated image...
      sha: 63ec659248536d203a399acba04e307e1825c9e2
    path: github.com/cloudfoundry/metric-proxy
  - git:
      commitTitle: 'Merge pull request #1262 from cloudfoundry/dependabot/go_modules/k8s/k8s.io/api-0.18.1'
      sha: 211c15994f39fde797a66c2dfd7e15dcad65924c
    path: github.com/cloudfoundry/uaa
  - githubRelease:
      url: https://api.github.com/repos/pivotal/kpack/releases/25016868
    path: github.com/pivotal/kpack
  - manual: {}
    path: eirini
  - manual: {}
    path: minio
  - manual: {}
    path: metacontroller
  - manual: {}
    path: postgres
  path: config/_ytt_lib
- contents:
  - git:
      commitTitle: Update install manifest to v0.4.0.
      sha: eacb75b4d562e3fb158eb2147a6768407ab374d4
    path: .
  path: build/metacontroller/_vendir
- contents:
  - git:
      commitTitle: '[stable/minio]: add serviceAccountName in create-bucket-job to
        make it consistent (#21907)...'
      sha: f8d1e522df1e4841e7a4a1a46d59bce9a9bad904
    path: .
  path: build/minio/_vendir
- contents:
  - githubRelease:
      url: https://api.github.com/repos/cloudfoundry-incubator/eirini-release/releases/26469608
    path: .
  path: build/eirini/_vendir
- contents:
  - git:
      commitTitle: '[bitnami/postgresql] Add option to add annotations to all generated
        resources (#2368)...'
      sha: 1765929fa8cf37819309ff975ebf0a8dfcf7824d
    path: .
  path: build/postgres/_vendir
kind: LockConfig
