apiVersion: vendir.k14s.io/v1alpha1
directories:
- contents:
  - git:
      commitTitle: Update routecontroller image digest to sha256:ed4b3e351a31313ebf974439e4fb43210281a02f0a9125cb8ea880c572385b5f
      sha: 4153bbdbaf3e8d3d681a84a112f3c9cc10129ff3
    path: github.com/cloudfoundry/cf-k8s-networking
  - githubRelease:
      url: https://api.github.com/repos/cloudfoundry/cf-k8s-logging/releases/26725288
    path: github.com/cloudfoundry/cf-k8s-logging/config
  - git:
      commitTitle: Update UAA image reference in k8s deployment template to 74.23.0
      sha: 6efde609a06c53d87d8c68443906f32221705b14
    path: github.com/cloudfoundry/uaa
  - githubRelease:
      url: https://api.github.com/repos/pivotal/kpack/releases/27343776
    path: github.com/pivotal/kpack
  path: config/_ytt_lib
- contents:
  - manual: {}
    path: eirini
  path: config/eirini/_ytt_lib
- contents:
  - manual: {}
    path: minio
  path: config/minio/_ytt_lib
- contents:
  - manual: {}
    path: postgres
  path: config/postgres/_ytt_lib
- contents:
  - git:
      commitTitle: '[stable/minio] Support imagePullSecrets (#22812)...'
      sha: 921eb8a969fb9d7b7b7d13904f740c76748ec2c9
    path: .
  path: build/minio/_vendir
- contents:
  - githubRelease:
      url: https://api.github.com/repos/cloudfoundry-incubator/eirini-release/releases/28266990
    path: .
  path: build/eirini/_vendir
- contents:
  - git:
      commitTitle: '[bitnami/postgresql] Release 8.10.6 updating components versions...'
      sha: f9cb0102f1e03d9ee7f09dbb65e9d7cdc25f84fe
    path: .
  path: build/postgres/_vendir
- contents:
  - git:
      commitTitle: images.yml updated by CI...
      sha: 624901cc813c1c8ff83e8bef88882cb97438ab6b
    path: .
  path: config/capi/_ytt_lib/capi-k8s-release
- contents:
  - git:
      commitTitle: Remove duplicated property
      sha: bd072aeb0c8dfd847997ab6fb84d9e6660b0ef01
    path: .
  path: config/metrics/_ytt_lib/metric-proxy
kind: LockConfig
