apiVersion: kbld.k14s.io/v1alpha1
kind: Config
minimumRequiredVersion: 0.29.0
overrides:
- image: cloudfoundry/capi-nginx@sha256:67ad232b390a100a3c9e9b36ee1c6443843185e6df78f3fba57f9a708808b6da
  newImage: index.docker.io/cloudfoundry/capi-nginx@sha256:67ad232b390a100a3c9e9b36ee1c6443843185e6df78f3fba57f9a708808b6da
  preresolved: true
- image: cloudfoundry/cf-api-backup-metadata-generator@sha256:0f3098d99b35bfb9608b580323e0cc454bd254afaf08cd02acec58af770fea4f
  newImage: index.docker.io/cloudfoundry/cf-api-backup-metadata-generator@sha256:0f3098d99b35bfb9608b580323e0cc454bd254afaf08cd02acec58af770fea4f
  preresolved: true
- image: cloudfoundry/cf-api-controllers@sha256:0ab80efb123dd18bde968b894fb948d8ef4f2df4346160da7dc87daf4b262221
  newImage: index.docker.io/cloudfoundry/cf-api-controllers@sha256:0ab80efb123dd18bde968b894fb948d8ef4f2df4346160da7dc87daf4b262221
  preresolved: true
- image: cloudfoundry/cf-api-package-registry-buddy@sha256:38c2d64ff26c4577881b9c2eb7c5b034437f8068ef82a6b32aac55396e485e6d
  newImage: index.docker.io/cloudfoundry/cf-api-package-registry-buddy@sha256:38c2d64ff26c4577881b9c2eb7c5b034437f8068ef82a6b32aac55396e485e6d
  preresolved: true
- image: cloudfoundry/cf-k8s-logging@sha256:c1c8fd251fd9ffbda26da394fc43e4859361e8d9810269093559749345c51bdc
  newImage: index.docker.io/cloudfoundry/cf-k8s-logging@sha256:c1c8fd251fd9ffbda26da394fc43e4859361e8d9810269093559749345c51bdc
  preresolved: true
- image: cloudfoundry/cloud-controller-ng@sha256:ed9ce225e988dc1d57fce149175f81ef36098461f54462966a544443e78ef887
  newImage: index.docker.io/cloudfoundry/cloud-controller-ng@sha256:ed9ce225e988dc1d57fce149175f81ef36098461f54462966a544443e78ef887
  preresolved: true
- image: cloudfoundry/log-cache-cf-auth-proxy@sha256:c4cd637f31ef97958f0d521597c670ef476675af7f469e73b071a419ce79c2ac
  newImage: index.docker.io/cloudfoundry/log-cache-cf-auth-proxy@sha256:c4cd637f31ef97958f0d521597c670ef476675af7f469e73b071a419ce79c2ac
  preresolved: true
- image: cloudfoundry/log-cache-gateway@sha256:de52fdff79318a3dd1cbf5f564ad9321c150042c8075a9a8da483df86ca5f92a
  newImage: index.docker.io/cloudfoundry/log-cache-gateway@sha256:de52fdff79318a3dd1cbf5f564ad9321c150042c8075a9a8da483df86ca5f92a
  preresolved: true
- image: cloudfoundry/log-cache@sha256:b247b0658053bd416d18ab7e87d5b3df8d5637ad397ea71b613ab23c48b76130
  newImage: index.docker.io/cloudfoundry/log-cache@sha256:b247b0658053bd416d18ab7e87d5b3df8d5637ad397ea71b613ab23c48b76130
  preresolved: true
- image: cloudfoundry/metric-proxy@sha256:9747c46e7adf7e6ee393c52111187112e4b7d7927fa68e231cf4dd6aa9fc8f34
  newImage: index.docker.io/cloudfoundry/metric-proxy@sha256:9747c46e7adf7e6ee393c52111187112e4b7d7927fa68e231cf4dd6aa9fc8f34
  preresolved: true
- image: cloudfoundry/minio-cf-for-k8s@sha256:5cb64001e21d6e3adb05717ca49aca34d52f576cf8365af28860d4afad383ea4
  newImage: index.docker.io/cloudfoundry/minio-cf-for-k8s@sha256:5cb64001e21d6e3adb05717ca49aca34d52f576cf8365af28860d4afad383ea4
  preresolved: true
- image: cloudfoundry/statsd_exporter-cf-for-k8s@sha256:6678b114a38c219d4349a928faa4d36f60b42e70846a86166540aa2e72fdc546
  newImage: index.docker.io/cloudfoundry/statsd_exporter-cf-for-k8s@sha256:6678b114a38c219d4349a928faa4d36f60b42e70846a86166540aa2e72fdc546
  preresolved: true
- image: cloudfoundry/syslog-server@sha256:bb1aa0d603eff716245f25c832ad9b9bca569059f48bd2b5a9a792486f453427
  newImage: index.docker.io/cloudfoundry/syslog-server@sha256:bb1aa0d603eff716245f25c832ad9b9bca569059f48bd2b5a9a792486f453427
  preresolved: true
- image: gcr.io/cf-build-service-public/kpack/build-init-windows@sha256:69e9e14949a130049ae1684bccbf734cb132bc98796801775161843e316bb127
  newImage: gcr.io/cf-build-service-public/kpack/build-init-windows@sha256:69e9e14949a130049ae1684bccbf734cb132bc98796801775161843e316bb127
  preresolved: true
- image: gcr.io/cf-build-service-public/kpack/build-init@sha256:94cdd9223310c2bbc6b9f10d17f754337d782f32ac1cd7de58d3e78746d5ab7c
  newImage: gcr.io/cf-build-service-public/kpack/build-init@sha256:94cdd9223310c2bbc6b9f10d17f754337d782f32ac1cd7de58d3e78746d5ab7c
  preresolved: true
- image: gcr.io/cf-build-service-public/kpack/completion-windows@sha256:4752610e600b8f2930a31a277944a8cfb7a361b352ce3b171198519537c79db9
  newImage: gcr.io/cf-build-service-public/kpack/completion-windows@sha256:4752610e600b8f2930a31a277944a8cfb7a361b352ce3b171198519537c79db9
  preresolved: true
- image: gcr.io/cf-build-service-public/kpack/completion@sha256:7b8b829ee21f6009ea9b580cad86fb2f74f28d2aa34676d4a130fb62b9fc9893
  newImage: gcr.io/cf-build-service-public/kpack/completion@sha256:7b8b829ee21f6009ea9b580cad86fb2f74f28d2aa34676d4a130fb62b9fc9893
  preresolved: true
- image: gcr.io/cf-build-service-public/kpack/controller@sha256:ec256da7e29eeecdd0821f499e754080672db8f0bc521b2fa1f13f6a75a04835
  newImage: gcr.io/cf-build-service-public/kpack/controller@sha256:ec256da7e29eeecdd0821f499e754080672db8f0bc521b2fa1f13f6a75a04835
  preresolved: true
- image: gcr.io/cf-build-service-public/kpack/lifecycle@sha256:fb7e0916ea429697630743b34e858c3555ddfbb5940683754dfccd3bfa446e0a
  newImage: gcr.io/cf-build-service-public/kpack/lifecycle@sha256:fb7e0916ea429697630743b34e858c3555ddfbb5940683754dfccd3bfa446e0a
  preresolved: true
- image: gcr.io/cf-build-service-public/kpack/rebase@sha256:97f9f9c1f25b720401f18ad21a7f92ddb4ff80882333702586ac8f7d619c3e02
  newImage: gcr.io/cf-build-service-public/kpack/rebase@sha256:97f9f9c1f25b720401f18ad21a7f92ddb4ff80882333702586ac8f7d619c3e02
  preresolved: true
- image: gcr.io/cf-build-service-public/kpack/webhook@sha256:ab9708d6be3f348fb89dda510525ee15f87716424a8c933f8620f074fd49b73a
  newImage: gcr.io/cf-build-service-public/kpack/webhook@sha256:ab9708d6be3f348fb89dda510525ee15f87716424a8c933f8620f074fd49b73a
  preresolved: true
- image: gcr.io/cf-networking-images/cf-k8s-networking/fluentbit@sha256:636813e4dfa80d615ecba1667d2e0f94c28096010bc190e177134b46e1e03eea
  newImage: gcr.io/cf-networking-images/cf-k8s-networking/fluentbit@sha256:636813e4dfa80d615ecba1667d2e0f94c28096010bc190e177134b46e1e03eea
  preresolved: true
- image: gcr.io/cf-networking-images/cf-k8s-networking/routecontroller@sha256:4b65f377a956f2f427809295aac6b5a6ec03db4c5977570e70173c8064d8deb8
  newImage: gcr.io/cf-networking-images/cf-k8s-networking/routecontroller@sha256:4b65f377a956f2f427809295aac6b5a6ec03db4c5977570e70173c8064d8deb8
  preresolved: true
- image: gcr.io/cf-networking-images/cf-k8s-networking/upgrade-sidecars@sha256:8cef1082ec0eb1d2e2f78c9b668065ce106de775cec929c745ca0e7f20a4c8fd
  newImage: gcr.io/cf-networking-images/cf-k8s-networking/upgrade-sidecars@sha256:8cef1082ec0eb1d2e2f78c9b668065ce106de775cec929c745ca0e7f20a4c8fd
  preresolved: true
- image: gcr.io/cf-routing/pilot@sha256:dc3ae4f4a5b30828d4d92e879c698fd56d898e5755fad07fcbc1e25227062eba
  newImage: gcr.io/cf-routing/pilot@sha256:dc3ae4f4a5b30828d4d92e879c698fd56d898e5755fad07fcbc1e25227062eba
  preresolved: true
- image: gcr.io/cf-routing/proxyv2@sha256:1cb3ad5eb354c0a3f0547cc8f5bbc18329ffcbc055a620244214244a55690f6e
  newImage: gcr.io/cf-routing/proxyv2@sha256:1cb3ad5eb354c0a3f0547cc8f5bbc18329ffcbc055a620244214244a55690f6e
  preresolved: true
- image: gcr.io/paketo-buildpacks/dotnet-core@sha256:dcafc9290a5ef7f88d02b3baab1f7f9e234860286ad67a3042201e17c0fc3c52
  newImage: gcr.io/paketo-buildpacks/dotnet-core@sha256:dcafc9290a5ef7f88d02b3baab1f7f9e234860286ad67a3042201e17c0fc3c52
  preresolved: true
- image: gcr.io/paketo-buildpacks/go@sha256:1e819e3a9ac49fd7a30ddd66f7c434c1af2ba5342f3c46bc52d98cb3762abdfd
  newImage: gcr.io/paketo-buildpacks/go@sha256:1e819e3a9ac49fd7a30ddd66f7c434c1af2ba5342f3c46bc52d98cb3762abdfd
  preresolved: true
- image: gcr.io/paketo-buildpacks/java@sha256:64ac51ac210edf500e4c6cacbd6f76fa37fd1f34fc2414fcc2661520f20016bb
  newImage: gcr.io/paketo-buildpacks/java@sha256:64ac51ac210edf500e4c6cacbd6f76fa37fd1f34fc2414fcc2661520f20016bb
  preresolved: true
- image: gcr.io/paketo-buildpacks/nodejs@sha256:68b489b8c54107db30213127ba505ada834e5dc443c28484f49087c99b87231f
  newImage: gcr.io/paketo-buildpacks/nodejs@sha256:68b489b8c54107db30213127ba505ada834e5dc443c28484f49087c99b87231f
  preresolved: true
- image: gcr.io/paketo-buildpacks/php@sha256:451643d4e0a720ac916920855d01f4eccf24b2861fccfd73329f82c94b287ece
  newImage: gcr.io/paketo-buildpacks/php@sha256:451643d4e0a720ac916920855d01f4eccf24b2861fccfd73329f82c94b287ece
  preresolved: true
- image: gcr.io/paketo-buildpacks/procfile@sha256:7b3acb96e7405a7be17fd433f9b64afe15867b5eed2447593e9c063f159155f5
  newImage: gcr.io/paketo-buildpacks/procfile@sha256:7b3acb96e7405a7be17fd433f9b64afe15867b5eed2447593e9c063f159155f5
  preresolved: true
- image: gcr.io/paketo-buildpacks/ruby@sha256:faaf1729b7525f208ba3baf1e12a1abf6e73a01dbe0f70084fa488b0fe951c28
  newImage: gcr.io/paketo-buildpacks/ruby@sha256:faaf1729b7525f208ba3baf1e12a1abf6e73a01dbe0f70084fa488b0fe951c28
  preresolved: true
- image: gcr.io/paketo-community/python@sha256:5fc81b8f38f326f0247468c14b4eb66b36e5f925db12f9ea8df1ec57f9e61d94
  newImage: gcr.io/paketo-community/python@sha256:5fc81b8f38f326f0247468c14b4eb66b36e5f925db12f9ea8df1ec57f9e61d94
  preresolved: true
- image: index.docker.io/bitnami/postgresql@sha256:0f76a419cfd9996036e3a53672f50cf69ed7699f1241cbf8e20af17bbbdf0683
  newImage: index.docker.io/bitnami/postgresql@sha256:0f76a419cfd9996036e3a53672f50cf69ed7699f1241cbf8e20af17bbbdf0683
  preresolved: true
- image: index.docker.io/cloudfoundry/eirini-eirini-controller-cf-for-k8s@sha256:cb5f41edff59e1d2c77e7f3f1f72f1ae8547a4b6ccaa7e7bf6b40ef9f82aec52
  newImage: index.docker.io/cloudfoundry/eirini-eirini-controller-cf-for-k8s@sha256:6e1d9dd1359a457ab49db967fb2f746516a8ad5a908940f3f701d207da518054
  preresolved: true
- image: index.docker.io/cloudfoundry/eirini-event-reporter-cf-for-k8s@sha256:1fc89dd6e385e2b8d863505cbf6966f6fa0b2b8c2cabfa7eee4e8abe11c80928
  newImage: index.docker.io/cloudfoundry/eirini-event-reporter-cf-for-k8s@sha256:ae426b47a7f216d288665a30a42ab257d3d958272ff1de6d0191089d61662233
  preresolved: true
- image: index.docker.io/cloudfoundry/eirini-instance-index-env-injector-cf-for-k8s@sha256:07f812b10cf224caba3146f12c6255e0f0efb845149624e085d6062b13d93123
  newImage: index.docker.io/cloudfoundry/eirini-instance-index-env-injector-cf-for-k8s@sha256:c33ceaddf358c2b5dc941f3789f579261395f4437ea0939d46d1e054693c366d
  preresolved: true
- image: index.docker.io/cloudfoundry/eirini-opi-cf-for-k8s@sha256:cd7fcc489aac76eeca3294e32057bcafd3d062891dd9eea56d3d802c9d73d7bf
  newImage: index.docker.io/cloudfoundry/eirini-opi-cf-for-k8s@sha256:71667cdff2d1ad5ef8f6dad3b9502fbe26cf77984a968a922e20f2739dc4173a
  preresolved: true
- image: index.docker.io/cloudfoundry/eirini-task-reporter-cf-for-k8s@sha256:c6098664bf9b8ba6c9825ebbeba5edd8dd9de5fdfb8182bd071c00c1c75b15f6
  newImage: index.docker.io/cloudfoundry/eirini-task-reporter-cf-for-k8s@sha256:087ec108c7023044535bc87711ff002a1cf78787850815475d90d3386f0d8f7d
  preresolved: true
- image: index.docker.io/cloudfoundry/uaa@sha256:07acf322ca4d5247709c47ebd181e90185e9f8f029302139aaab99e6a421788e
  newImage: index.docker.io/cloudfoundry/uaa@sha256:e16f1aab3730c4455c18c7d1618a1e9cb7796f33930259b4fe04495b688845ba
  preresolved: true
- image: index.docker.io/paketobuildpacks/build@sha256:0ce25f3610ea9c8556b50a6f8db33760e02d330af599d01586d8ba3e50810292
  newImage: index.docker.io/paketobuildpacks/build@sha256:0ce25f3610ea9c8556b50a6f8db33760e02d330af599d01586d8ba3e50810292
  preresolved: true
- image: index.docker.io/paketobuildpacks/run@sha256:70eba09341a0a48abb08b72539a5dc3a0ce988295e281f8aead85ec83c45cfe2
  newImage: index.docker.io/paketobuildpacks/run@sha256:70eba09341a0a48abb08b72539a5dc3a0ce988295e281f8aead85ec83c45cfe2
  preresolved: true
- image: oratos/metrics-server:v0.3.6@sha256:a37da13de7b74c373e8698dee7836ce5fdbd102c3c1c8b9953a95e7f20138ab6
  newImage: index.docker.io/oratos/metrics-server@sha256:a37da13de7b74c373e8698dee7836ce5fdbd102c3c1c8b9953a95e7f20138ab6
  preresolved: true
