apiVersion: vendir.k14s.io/v1alpha1
directories:
- contents:
  - git:
      commitTitle: Make patch-cc script usable in both kind and remote clusters...
      sha: 62d27b014ba1597273694593b46c5053e91d9701
      tags:
      - 3.0.0
    path: .
  path: sources/eirini
- contents:
  - git:
      commitTitle: Update UAA image reference in k8s deployment template to 75.0.0
      sha: 1cc0557f10be15940d6fb9c10e7469b2412a8bca
      tags:
      - v75.0.0
    path: .
  path: sources/uaa
kind: LockConfig
