apiVersion: vendir.k14s.io/v1alpha1
directories:
- contents:
  - git:
      commitTitle: Make patch-cc script usable in both kind and remote clusters...
      sha: 62d27b014ba1597273694593b46c5053e91d9701
      tags:
      - 3.0.0
    path: .
  path: sources/eirini
- contents:
  - git:
      commitTitle: Update UAA image reference in k8s deployment template to 75.0.0
      sha: 1cc0557f10be15940d6fb9c10e7469b2412a8bca
      tags:
      - v75.0.0
    path: .
  path: sources/uaa
- contents:
  - git:
      commitTitle: 'Merge pull request #2135 from cloudfoundry/dependabot/bundler/rubocop-1.11.0...'
      sha: db2e388c3f208edbab8416e44fc994c4a7b90487
    path: .
  path: sources/cloud_controller_ng
- contents:
  - git:
      commitTitle: images.yml updated by CI...
      sha: 3834bf97569d3cb946b82b67f3249ff0d82006b3
      tags:
      - v0.4.0-211-g3834bf9
    path: .
  path: sources/capi-k8s-release
- contents:
  - git:
      commitTitle: 'Changelog for #361 & release 0.20.0...'
      sha: fbcadbf71b2bd3732596d7018f3692c030f1af6f
      tags:
      - v0.20.0
    path: .
  path: sources/statsd_exporter
- contents:
  - git:
      commitTitle: Migrate the networking image pipeline and associated tasks...
      sha: b76db5fa45bbaa5733d4fc930b4d0c8fe861b218
      tags:
      - v0.0.6-319-gb76db5f
    path: .
  path: sources/cf-k8s-networking
- contents:
  - git:
      commitTitle: 'Merge pull request #5 from cloudfoundry/prometheus...'
      sha: 35b578f86027750372852635a3a291f4caf04e09
    path: .
  path: sources/cf-k8s-logging-fluent
kind: LockConfig
